
Microsoft Visual Studio Solution File, Format Version 12.00
# Visual Studio 15
VisualStudioVersion = 15.0.28307.271
MinimumVisualStudioVersion = 10.0.40219.1
Project("{FAE04EC0-301F-11D3-BF4B-00C04F79EFBC}") = "IEXAPI", "IEXAPI\IEXAPI.csproj", "{C2AF13AD-95CB-4FBC-AD66-9C880E8D7647}"
EndProject
Project("{FAE04EC0-301F-11D3-BF4B-00C04F79EFBC}") = "ConsoleApp1", "ConsoleApp1\ConsoleApp1.csproj", "{8FF73B70-2803-4857-A2D1-ABEB8B36733E}"
EndProject
Global
	GlobalSection(SolutionConfigurationPlatforms) = preSolution
		Debug|Any CPU = Debug|Any CPU
		Release|Any CPU = Release|Any CPU
	EndGlobalSection
	GlobalSection(ProjectConfigurationPlatforms) = postSolution
		{C2AF13AD-95CB-4FBC-AD66-9C880E8D7647}.Debug|Any CPU.ActiveCfg = Debug|Any CPU
		{C2AF13AD-95CB-4FBC-AD66-9C880E8D7647}.Debug|Any CPU.Build.0 = Debug|Any CPU
		{C2AF13AD-95CB-4FBC-AD66-9C880E8D7647}.Release|Any CPU.ActiveCfg = Release|Any CPU
		{C2AF13AD-95CB-4FBC-AD66-9C880E8D7647}.Release|Any CPU.Build.0 = Release|Any CPU
		{8FF73B70-2803-4857-A2D1-ABEB8B36733E}.Debug|Any CPU.ActiveCfg = Debug|Any CPU
		{8FF73B70-2803-4857-A2D1-ABEB8B36733E}.Debug|Any CPU.Build.0 = Debug|Any CPU
		{8FF73B70-2803-4857-A2D1-ABEB8B36733E}.Release|Any CPU.ActiveCfg = Release|Any CPU
		{8FF73B70-2803-4857-A2D1-ABEB8B36733E}.Release|Any CPU.Build.0 = Release|Any CPU
	EndGlobalSection
	GlobalSection(SolutionProperties) = preSolution
		HideSolutionNode = FALSE
	EndGlobalSection
	GlobalSection(ExtensibilityGlobals) = postSolution
		SolutionGuid = {B8B2166D-4388-4001-80DF-00C72F9E6794}
	EndGlobalSection
EndGlobal
